// !$*UTF8*$!
{
	archiveVersion = 1;
	classes = {
	};
	objectVersion = 51;
	objects = {

/* Begin PBXBuildFile section */
		040351872718101B007E5833 /* AppDelegate.swift in Sources */ = {isa = PBXBuildFile; fileRef = 040351862718101B007E5833 /* AppDelegate.swift */; };
		040351892718101B007E5833 /* SceneDelegate.swift in Sources */ = {isa = PBXBuildFile; fileRef = 040351882718101B007E5833 /* SceneDelegate.swift */; };
		0403518E2718101B007E5833 /* Main.storyboard in Resources */ = {isa = PBXBuildFile; fileRef = 0403518C2718101B007E5833 /* Main.storyboard */; };
		040351932718101C007E5833 /* LaunchScreen.storyboard in Resources */ = {isa = PBXBuildFile; fileRef = 040351912718101C007E5833 /* LaunchScreen.storyboard */; };
		0403519E2718101D007E5833 /* AmigoTests.swift in Sources */ = {isa = PBXBuildFile; fileRef = 0403519D2718101D007E5833 /* AmigoTests.swift */; };
		040351A92718101D007E5833 /* AmigoUITests.swift in Sources */ = {isa = PBXBuildFile; fileRef = 040351A82718101D007E5833 /* AmigoUITests.swift */; };
		04056B26273E70D60034F733 /* slider.xib in Resources */ = {isa = PBXBuildFile; fileRef = 04056B25273E70D60034F733 /* slider.xib */; };
		04056B37273E76F90034F733 /* OverlayChild.swift in Sources */ = {isa = PBXBuildFile; fileRef = 04056B36273E76F90034F733 /* OverlayChild.swift */; };
		040E12AF2721915B007E1A69 /* OrientationVC.swift in Sources */ = {isa = PBXBuildFile; fileRef = 040E12AE2721915B007E1A69 /* OrientationVC.swift */; };
		040E12B4272191CE007E1A69 /* GenderVC.swift in Sources */ = {isa = PBXBuildFile; fileRef = 040E12B3272191CE007E1A69 /* GenderVC.swift */; };
		040E12B927219223007E1A69 /* PersonalInformation1VC.swift in Sources */ = {isa = PBXBuildFile; fileRef = 040E12B827219223007E1A69 /* PersonalInformation1VC.swift */; };
		040E12BE2721925C007E1A69 /* PersonalInformation2VC.swift in Sources */ = {isa = PBXBuildFile; fileRef = 040E12BD2721925B007E1A69 /* PersonalInformation2VC.swift */; };
		0429589427608C27004572A3 /* ChangePassword.swift in Sources */ = {isa = PBXBuildFile; fileRef = 0429589327608C27004572A3 /* ChangePassword.swift */; };
		04526BF72750F84300D1F59C /* FavouriteModel.swift in Sources */ = {isa = PBXBuildFile; fileRef = 04526BF62750F84300D1F59C /* FavouriteModel.swift */; };
		046B5EF62729216A00A00728 /* TabBarVC.swift in Sources */ = {isa = PBXBuildFile; fileRef = 046B5EF52729216A00A00728 /* TabBarVC.swift */; };
		046B5F032729253100A00728 /* InformationCell.swift in Sources */ = {isa = PBXBuildFile; fileRef = 046B5F022729253100A00728 /* InformationCell.swift */; };
		046B5F082729283A00A00728 /* FirstTabVC.swift in Sources */ = {isa = PBXBuildFile; fileRef = 046B5F072729283A00A00728 /* FirstTabVC.swift */; };
		046B5F0D2729284900A00728 /* SecondTabVC.swift in Sources */ = {isa = PBXBuildFile; fileRef = 046B5F0C2729284900A00728 /* SecondTabVC.swift */; };
		046B5F122729285900A00728 /* ProfileVC.swift in Sources */ = {isa = PBXBuildFile; fileRef = 046B5F112729285900A00728 /* ProfileVC.swift */; };
		047D3FF927282A83000005BD /* OTPVC.swift in Sources */ = {isa = PBXBuildFile; fileRef = 047D3FF827282A83000005BD /* OTPVC.swift */; };
		047D3FFE27282B4C000005BD /* ResetPasswordVC.swift in Sources */ = {isa = PBXBuildFile; fileRef = 047D3FFD27282B4C000005BD /* ResetPasswordVC.swift */; };
		047E46C8275E2D4C00A08F48 /* BaseClass.swift in Sources */ = {isa = PBXBuildFile; fileRef = 047E46C7275E2D4800A08F48 /* BaseClass.swift */; };
		04857FEB2755F6C60097C5BA /* AddRequestModel.swift in Sources */ = {isa = PBXBuildFile; fileRef = 04857FEA2755F6C60097C5BA /* AddRequestModel.swift */; };
		048ACFF72747837800A68277 /* RequestVC.swift in Sources */ = {isa = PBXBuildFile; fileRef = 048ACFF62747837800A68277 /* RequestVC.swift */; };
		048ACFFC274783C700A68277 /* RequestTableCell.swift in Sources */ = {isa = PBXBuildFile; fileRef = 048ACFFB274783C700A68277 /* RequestTableCell.swift */; };
		048AD00427478AC300A68277 /* Assets.xcassets in Resources */ = {isa = PBXBuildFile; fileRef = 048AD00327478AC100A68277 /* Assets.xcassets */; };
		048AD009274793A600A68277 /* CongratulationVC.swift in Sources */ = {isa = PBXBuildFile; fileRef = 048AD008274793A600A68277 /* CongratulationVC.swift */; };
		048AD0112747B00B00A68277 /* FavouriteVC.swift in Sources */ = {isa = PBXBuildFile; fileRef = 048AD0102747B00B00A68277 /* FavouriteVC.swift */; };
		048AD01C2747B14200A68277 /* FavouriteTableCell.swift in Sources */ = {isa = PBXBuildFile; fileRef = 048AD01B2747B14200A68277 /* FavouriteTableCell.swift */; };
		048E4E472738EF3D00F18A09 /* UserModel.swift in Sources */ = {isa = PBXBuildFile; fileRef = 048E4E462738EF3D00F18A09 /* UserModel.swift */; };
		04AAD039273A3D6B00A900B1 /* Apis.swift in Sources */ = {isa = PBXBuildFile; fileRef = 04AAD038273A3D6B00A900B1 /* Apis.swift */; };
		04AAD061273A465600A900B1 /* ApisManage.swift in Sources */ = {isa = PBXBuildFile; fileRef = 04AAD060273A465600A900B1 /* ApisManage.swift */; };
		04B9FB12274F6533006BBA45 /* LocationVC.swift in Sources */ = {isa = PBXBuildFile; fileRef = 04B9FB11274F6533006BBA45 /* LocationVC.swift */; };
		04B9FB75274FC0D2006BBA45 /* SettingVC.swift in Sources */ = {isa = PBXBuildFile; fileRef = 04B9FB74274FC0D2006BBA45 /* SettingVC.swift */; };
		04DF858F272C291400E4EE0D /* SomeProfileVC.swift in Sources */ = {isa = PBXBuildFile; fileRef = 04DF858E272C291300E4EE0D /* SomeProfileVC.swift */; };
		04E0B96027705A20003E989F /* ChatSenderCell.swift in Sources */ = {isa = PBXBuildFile; fileRef = 04E0B95F27705A20003E989F /* ChatSenderCell.swift */; };
		04E0B96527705A3A003E989F /* ChatRecieveCell.swift in Sources */ = {isa = PBXBuildFile; fileRef = 04E0B96427705A3A003E989F /* ChatRecieveCell.swift */; };
		04E97C522743959900AC268C /* ChatVC.swift in Sources */ = {isa = PBXBuildFile; fileRef = 04E97C512743959900AC268C /* ChatVC.swift */; };
		04EAEB3D27311380004D4FFE /* ProUserVC.swift in Sources */ = {isa = PBXBuildFile; fileRef = 04EAEB3C27311380004D4FFE /* ProUserVC.swift */; };
		375A222F2684AFC0F7C8EB76 /* Pods_Amigo.framework in Frameworks */ = {isa = PBXBuildFile; fileRef = BF1C2F6CAB23A9404DF502EA /* Pods_Amigo.framework */; };
		9830F1B127ED65D2931B91B5 /* Pods_Amigo_AmigoUITests.framework in Frameworks */ = {isa = PBXBuildFile; fileRef = 49D41AE60E57C7BF3768BAE6 /* Pods_Amigo_AmigoUITests.framework */; };
		98F699642B287948E570B0CF /* Pods_AmigoTests.framework in Frameworks */ = {isa = PBXBuildFile; fileRef = 9A2453BA14D3F73993AAA2E0 /* Pods_AmigoTests.framework */; };
		FA395C07273A4D84007DDB6C /* ReachabilityNetwork.swift in Sources */ = {isa = PBXBuildFile; fileRef = FA395C06273A4D84007DDB6C /* ReachabilityNetwork.swift */; };
		FA6D6EB42718450D009D6141 /* SignupVc.swift in Sources */ = {isa = PBXBuildFile; fileRef = FA6D6EB32718450D009D6141 /* SignupVc.swift */; };
		FA6D6EB627184DA3009D6141 /* ForgotPassVC.swift in Sources */ = {isa = PBXBuildFile; fileRef = FA6D6EB527184DA3009D6141 /* ForgotPassVC.swift */; };
		FA6F8F102718524300AD9946 /* LoginVC.swift in Sources */ = {isa = PBXBuildFile; fileRef = FA6F8F0F2718524300AD9946 /* LoginVC.swift */; };
/* End PBXBuildFile section */

/* Begin PBXContainerItemProxy section */
		0403519A2718101D007E5833 /* PBXContainerItemProxy */ = {
			isa = PBXContainerItemProxy;
			containerPortal = 0403517B2718101B007E5833 /* Project object */;
			proxyType = 1;
			remoteGlobalIDString = 040351822718101B007E5833;
			remoteInfo = Amigo;
		};
		040351A52718101D007E5833 /* PBXContainerItemProxy */ = {
			isa = PBXContainerItemProxy;
			containerPortal = 0403517B2718101B007E5833 /* Project object */;
			proxyType = 1;
			remoteGlobalIDString = 040351822718101B007E5833;
			remoteInfo = Amigo;
		};
/* End PBXContainerItemProxy section */

/* Begin PBXFileReference section */
		040351832718101B007E5833 /* Amigo.app */ = {isa = PBXFileReference; explicitFileType = wrapper.application; includeInIndex = 0; path = Amigo.app; sourceTree = BUILT_PRODUCTS_DIR; };
		040351862718101B007E5833 /* AppDelegate.swift */ = {isa = PBXFileReference; lastKnownFileType = sourcecode.swift; path = AppDelegate.swift; sourceTree = "<group>"; };
		040351882718101B007E5833 /* SceneDelegate.swift */ = {isa = PBXFileReference; lastKnownFileType = sourcecode.swift; path = SceneDelegate.swift; sourceTree = "<group>"; };
		0403518D2718101B007E5833 /* Base */ = {isa = PBXFileReference; lastKnownFileType = file.storyboard; name = Base; path = Base.lproj/Main.storyboard; sourceTree = "<group>"; };
		040351922718101C007E5833 /* Base */ = {isa = PBXFileReference; lastKnownFileType = file.storyboard; name = Base; path = Base.lproj/LaunchScreen.storyboard; sourceTree = "<group>"; };
		040351942718101C007E5833 /* Info.plist */ = {isa = PBXFileReference; lastKnownFileType = text.plist.xml; path = Info.plist; sourceTree = "<group>"; };
		040351992718101D007E5833 /* AmigoTests.xctest */ = {isa = PBXFileReference; explicitFileType = wrapper.cfbundle; includeInIndex = 0; path = AmigoTests.xctest; sourceTree = BUILT_PRODUCTS_DIR; };
		0403519D2718101D007E5833 /* AmigoTests.swift */ = {isa = PBXFileReference; lastKnownFileType = sourcecode.swift; path = AmigoTests.swift; sourceTree = "<group>"; };
		0403519F2718101D007E5833 /* Info.plist */ = {isa = PBXFileReference; lastKnownFileType = text.plist.xml; path = Info.plist; sourceTree = "<group>"; };
		040351A42718101D007E5833 /* AmigoUITests.xctest */ = {isa = PBXFileReference; explicitFileType = wrapper.cfbundle; includeInIndex = 0; path = AmigoUITests.xctest; sourceTree = BUILT_PRODUCTS_DIR; };
		040351A82718101D007E5833 /* AmigoUITests.swift */ = {isa = PBXFileReference; lastKnownFileType = sourcecode.swift; path = AmigoUITests.swift; sourceTree = "<group>"; };
		040351AA2718101D007E5833 /* Info.plist */ = {isa = PBXFileReference; lastKnownFileType = text.plist.xml; path = Info.plist; sourceTree = "<group>"; };
		04056B25273E70D60034F733 /* slider.xib */ = {isa = PBXFileReference; lastKnownFileType = file.xib; path = slider.xib; sourceTree = "<group>"; };
		04056B36273E76F90034F733 /* OverlayChild.swift */ = {isa = PBXFileReference; lastKnownFileType = sourcecode.swift; path = OverlayChild.swift; sourceTree = "<group>"; };
		040E12AE2721915B007E1A69 /* OrientationVC.swift */ = {isa = PBXFileReference; lastKnownFileType = sourcecode.swift; path = OrientationVC.swift; sourceTree = "<group>"; };
		040E12B3272191CE007E1A69 /* GenderVC.swift */ = {isa = PBXFileReference; lastKnownFileType = sourcecode.swift; path = GenderVC.swift; sourceTree = "<group>"; };
		040E12B827219223007E1A69 /* PersonalInformation1VC.swift */ = {isa = PBXFileReference; lastKnownFileType = sourcecode.swift; path = PersonalInformation1VC.swift; sourceTree = "<group>"; };
		040E12BD2721925B007E1A69 /* PersonalInformation2VC.swift */ = {isa = PBXFileReference; lastKnownFileType = sourcecode.swift; path = PersonalInformation2VC.swift; sourceTree = "<group>"; };
		0429589327608C27004572A3 /* ChangePassword.swift */ = {isa = PBXFileReference; lastKnownFileType = sourcecode.swift; path = ChangePassword.swift; sourceTree = "<group>"; };
		04526BF62750F84300D1F59C /* FavouriteModel.swift */ = {isa = PBXFileReference; lastKnownFileType = sourcecode.swift; path = FavouriteModel.swift; sourceTree = "<group>"; };
		046B5EF52729216A00A00728 /* TabBarVC.swift */ = {isa = PBXFileReference; lastKnownFileType = sourcecode.swift; path = TabBarVC.swift; sourceTree = "<group>"; };
		046B5F022729253100A00728 /* InformationCell.swift */ = {isa = PBXFileReference; lastKnownFileType = sourcecode.swift; path = InformationCell.swift; sourceTree = "<group>"; };
		046B5F072729283A00A00728 /* FirstTabVC.swift */ = {isa = PBXFileReference; lastKnownFileType = sourcecode.swift; path = FirstTabVC.swift; sourceTree = "<group>"; };
		046B5F0C2729284900A00728 /* SecondTabVC.swift */ = {isa = PBXFileReference; lastKnownFileType = sourcecode.swift; path = SecondTabVC.swift; sourceTree = "<group>"; };
		046B5F112729285900A00728 /* ProfileVC.swift */ = {isa = PBXFileReference; lastKnownFileType = sourcecode.swift; path = ProfileVC.swift; sourceTree = "<group>"; };
		047D3FF827282A83000005BD /* OTPVC.swift */ = {isa = PBXFileReference; lastKnownFileType = sourcecode.swift; path = OTPVC.swift; sourceTree = "<group>"; };
		047D3FFD27282B4C000005BD /* ResetPasswordVC.swift */ = {isa = PBXFileReference; lastKnownFileType = sourcecode.swift; path = ResetPasswordVC.swift; sourceTree = "<group>"; };
		047E46C7275E2D4800A08F48 /* BaseClass.swift */ = {isa = PBXFileReference; lastKnownFileType = sourcecode.swift; path = BaseClass.swift; sourceTree = "<group>"; };
		04857FEA2755F6C60097C5BA /* AddRequestModel.swift */ = {isa = PBXFileReference; lastKnownFileType = sourcecode.swift; path = AddRequestModel.swift; sourceTree = "<group>"; };
		048ACFF62747837800A68277 /* RequestVC.swift */ = {isa = PBXFileReference; lastKnownFileType = sourcecode.swift; path = RequestVC.swift; sourceTree = "<group>"; };
		048ACFFB274783C700A68277 /* RequestTableCell.swift */ = {isa = PBXFileReference; lastKnownFileType = sourcecode.swift; path = RequestTableCell.swift; sourceTree = "<group>"; };
		048AD00327478AC100A68277 /* Assets.xcassets */ = {isa = PBXFileReference; lastKnownFileType = folder.assetcatalog; path = Assets.xcassets; sourceTree = "<group>"; };
		048AD008274793A600A68277 /* CongratulationVC.swift */ = {isa = PBXFileReference; lastKnownFileType = sourcecode.swift; path = CongratulationVC.swift; sourceTree = "<group>"; };
		048AD0102747B00B00A68277 /* FavouriteVC.swift */ = {isa = PBXFileReference; lastKnownFileType = sourcecode.swift; path = FavouriteVC.swift; sourceTree = "<group>"; };
		048AD01B2747B14200A68277 /* FavouriteTableCell.swift */ = {isa = PBXFileReference; lastKnownFileType = sourcecode.swift; path = FavouriteTableCell.swift; sourceTree = "<group>"; };
		048E4E462738EF3D00F18A09 /* UserModel.swift */ = {isa = PBXFileReference; lastKnownFileType = sourcecode.swift; path = UserModel.swift; sourceTree = "<group>"; };
		04AAD038273A3D6B00A900B1 /* Apis.swift */ = {isa = PBXFileReference; lastKnownFileType = sourcecode.swift; path = Apis.swift; sourceTree = "<group>"; };
		04AAD060273A465600A900B1 /* ApisManage.swift */ = {isa = PBXFileReference; lastKnownFileType = sourcecode.swift; path = ApisManage.swift; sourceTree = "<group>"; };
		04B9FB11274F6533006BBA45 /* LocationVC.swift */ = {isa = PBXFileReference; lastKnownFileType = sourcecode.swift; path = LocationVC.swift; sourceTree = "<group>"; };
		04B9FB74274FC0D2006BBA45 /* SettingVC.swift */ = {isa = PBXFileReference; lastKnownFileType = sourcecode.swift; path = SettingVC.swift; sourceTree = "<group>"; };
		04DF858E272C291300E4EE0D /* SomeProfileVC.swift */ = {isa = PBXFileReference; lastKnownFileType = sourcecode.swift; path = SomeProfileVC.swift; sourceTree = "<group>"; };
		04E0B95F27705A20003E989F /* ChatSenderCell.swift */ = {isa = PBXFileReference; lastKnownFileType = sourcecode.swift; path = ChatSenderCell.swift; sourceTree = "<group>"; };
		04E0B96427705A3A003E989F /* ChatRecieveCell.swift */ = {isa = PBXFileReference; lastKnownFileType = sourcecode.swift; path = ChatRecieveCell.swift; sourceTree = "<group>"; };
		04E97C512743959900AC268C /* ChatVC.swift */ = {isa = PBXFileReference; lastKnownFileType = sourcecode.swift; path = ChatVC.swift; sourceTree = "<group>"; };
		04EAEB3C27311380004D4FFE /* ProUserVC.swift */ = {isa = PBXFileReference; lastKnownFileType = sourcecode.swift; path = ProUserVC.swift; sourceTree = "<group>"; };
		1DD55326FB770106F914AAB1 /* Pods-AmigoTests.debug.xcconfig */ = {isa = PBXFileReference; includeInIndex = 1; lastKnownFileType = text.xcconfig; name = "Pods-AmigoTests.debug.xcconfig"; path = "Target Support Files/Pods-AmigoTests/Pods-AmigoTests.debug.xcconfig"; sourceTree = "<group>"; };
		2794A3248E74F834BE1F66B5 /* Pods-AmigoTests.release.xcconfig */ = {isa = PBXFileReference; includeInIndex = 1; lastKnownFileType = text.xcconfig; name = "Pods-AmigoTests.release.xcconfig"; path = "Target Support Files/Pods-AmigoTests/Pods-AmigoTests.release.xcconfig"; sourceTree = "<group>"; };
		2FAC9C0A814BDF83AEE368EB /* Pods-Amigo-AmigoUITests.debug.xcconfig */ = {isa = PBXFileReference; includeInIndex = 1; lastKnownFileType = text.xcconfig; name = "Pods-Amigo-AmigoUITests.debug.xcconfig"; path = "Target Support Files/Pods-Amigo-AmigoUITests/Pods-Amigo-AmigoUITests.debug.xcconfig"; sourceTree = "<group>"; };
		421A24A98760105BE2353FE1 /* Pods-Amigo.release.xcconfig */ = {isa = PBXFileReference; includeInIndex = 1; lastKnownFileType = text.xcconfig; name = "Pods-Amigo.release.xcconfig"; path = "Target Support Files/Pods-Amigo/Pods-Amigo.release.xcconfig"; sourceTree = "<group>"; };
		49D41AE60E57C7BF3768BAE6 /* Pods_Amigo_AmigoUITests.framework */ = {isa = PBXFileReference; explicitFileType = wrapper.framework; includeInIndex = 0; path = Pods_Amigo_AmigoUITests.framework; sourceTree = BUILT_PRODUCTS_DIR; };
		65D9E34DCBC7B7E3F202EAE6 /* Pods-Amigo-AmigoUITests.release.xcconfig */ = {isa = PBXFileReference; includeInIndex = 1; lastKnownFileType = text.xcconfig; name = "Pods-Amigo-AmigoUITests.release.xcconfig"; path = "Target Support Files/Pods-Amigo-AmigoUITests/Pods-Amigo-AmigoUITests.release.xcconfig"; sourceTree = "<group>"; };
		9A2453BA14D3F73993AAA2E0 /* Pods_AmigoTests.framework */ = {isa = PBXFileReference; explicitFileType = wrapper.framework; includeInIndex = 0; path = Pods_AmigoTests.framework; sourceTree = BUILT_PRODUCTS_DIR; };
		BF1C2F6CAB23A9404DF502EA /* Pods_Amigo.framework */ = {isa = PBXFileReference; explicitFileType = wrapper.framework; includeInIndex = 0; path = Pods_Amigo.framework; sourceTree = BUILT_PRODUCTS_DIR; };
		E9889FDA500D547199F4A39C /* Pods-Amigo.debug.xcconfig */ = {isa = PBXFileReference; includeInIndex = 1; lastKnownFileType = text.xcconfig; name = "Pods-Amigo.debug.xcconfig"; path = "Target Support Files/Pods-Amigo/Pods-Amigo.debug.xcconfig"; sourceTree = "<group>"; };
		FA395C06273A4D84007DDB6C /* ReachabilityNetwork.swift */ = {isa = PBXFileReference; lastKnownFileType = sourcecode.swift; path = ReachabilityNetwork.swift; sourceTree = "<group>"; };
		FA6D6EB32718450D009D6141 /* SignupVc.swift */ = {isa = PBXFileReference; lastKnownFileType = sourcecode.swift; path = SignupVc.swift; sourceTree = "<group>"; };
		FA6D6EB527184DA3009D6141 /* ForgotPassVC.swift */ = {isa = PBXFileReference; lastKnownFileType = sourcecode.swift; path = ForgotPassVC.swift; sourceTree = "<group>"; };
		FA6F8F0F2718524300AD9946 /* LoginVC.swift */ = {isa = PBXFileReference; lastKnownFileType = sourcecode.swift; path = LoginVC.swift; sourceTree = "<group>"; };
/* End PBXFileReference section */

/* Begin PBXFrameworksBuildPhase section */
		040351802718101B007E5833 /* Frameworks */ = {
			isa = PBXFrameworksBuildPhase;
			buildActionMask = 2147483647;
			files = (
				375A222F2684AFC0F7C8EB76 /* Pods_Amigo.framework in Frameworks */,
			);
			runOnlyForDeploymentPostprocessing = 0;
		};
		040351962718101D007E5833 /* Frameworks */ = {
			isa = PBXFrameworksBuildPhase;
			buildActionMask = 2147483647;
			files = (
				98F699642B287948E570B0CF /* Pods_AmigoTests.framework in Frameworks */,
			);
			runOnlyForDeploymentPostprocessing = 0;
		};
		040351A12718101D007E5833 /* Frameworks */ = {
			isa = PBXFrameworksBuildPhase;
			buildActionMask = 2147483647;
			files = (
				9830F1B127ED65D2931B91B5 /* Pods_Amigo_AmigoUITests.framework in Frameworks */,
			);
			runOnlyForDeploymentPostprocessing = 0;
		};
/* End PBXFrameworksBuildPhase section */

/* Begin PBXGroup section */
		0403517A2718101B007E5833 = {
			isa = PBXGroup;
			children = (
				040351852718101B007E5833 /* Amigo */,
				048AD00327478AC100A68277 /* Assets.xcassets */,
				0403519C2718101D007E5833 /* AmigoTests */,
				040351A72718101D007E5833 /* AmigoUITests */,
				040351842718101B007E5833 /* Products */,
				A59AE8E28AD5162B4651FE53 /* Pods */,
				957BD90DBF9B99E9A26B3D7F /* Frameworks */,
			);
			sourceTree = "<group>";
		};
		040351842718101B007E5833 /* Products */ = {
			isa = PBXGroup;
			children = (
				040351832718101B007E5833 /* Amigo.app */,
				040351992718101D007E5833 /* AmigoTests.xctest */,
				040351A42718101D007E5833 /* AmigoUITests.xctest */,
			);
			name = Products;
			sourceTree = "<group>";
		};
		040351852718101B007E5833 /* Amigo */ = {
			isa = PBXGroup;
			children = (
				04AAD037273A3D4A00A900B1 /* ApiManager */,
				047D3FED27280A27000005BD /* Controller */,
				047D3FF127280A96000005BD /* View */,
				047D3FF027280A89000005BD /* Model */,
				047D3FEF27280A5F000005BD /* Storyboards */,
				047D3FEE27280A3F000005BD /* Delegate */,
				040351942718101C007E5833 /* Info.plist */,
				FA395C06273A4D84007DDB6C /* ReachabilityNetwork.swift */,
				047E46C7275E2D4800A08F48 /* BaseClass.swift */,
			);
			path = Amigo;
			sourceTree = "<group>";
		};
		0403519C2718101D007E5833 /* AmigoTests */ = {
			isa = PBXGroup;
			children = (
				0403519D2718101D007E5833 /* AmigoTests.swift */,
				0403519F2718101D007E5833 /* Info.plist */,
			);
			path = AmigoTests;
			sourceTree = "<group>";
		};
		040351A72718101D007E5833 /* AmigoUITests */ = {
			isa = PBXGroup;
			children = (
				040351A82718101D007E5833 /* AmigoUITests.swift */,
				040351AA2718101D007E5833 /* Info.plist */,
			);
			path = AmigoUITests;
			sourceTree = "<group>";
		};
		047D3FED27280A27000005BD /* Controller */ = {
			isa = PBXGroup;
			children = (
				04F5DC1C272FD4DF005334B3 /* Others */,
				04F5DC1B272FD4C7005334B3 /* Personal */,
				040E12AE2721915B007E1A69 /* OrientationVC.swift */,
			);
			path = Controller;
			sourceTree = "<group>";
		};
		047D3FEE27280A3F000005BD /* Delegate */ = {
			isa = PBXGroup;
			children = (
				040351862718101B007E5833 /* AppDelegate.swift */,
				040351882718101B007E5833 /* SceneDelegate.swift */,
			);
			path = Delegate;
			sourceTree = "<group>";
		};
		047D3FEF27280A5F000005BD /* Storyboards */ = {
			isa = PBXGroup;
			children = (
				0403518C2718101B007E5833 /* Main.storyboard */,
				040351912718101C007E5833 /* LaunchScreen.storyboard */,
			);
			path = Storyboards;
			sourceTree = "<group>";
		};
		047D3FF027280A89000005BD /* Model */ = {
			isa = PBXGroup;
			children = (
				048E4E462738EF3D00F18A09 /* UserModel.swift */,
				04526BF62750F84300D1F59C /* FavouriteModel.swift */,
				04857FEA2755F6C60097C5BA /* AddRequestModel.swift */,
			);
			path = Model;
			sourceTree = "<group>";
		};
		047D3FF127280A96000005BD /* View */ = {
			isa = PBXGroup;
			children = (
				046B5F022729253100A00728 /* InformationCell.swift */,
				048ACFFB274783C700A68277 /* RequestTableCell.swift */,
				048AD01B2747B14200A68277 /* FavouriteTableCell.swift */,
				04E0B95F27705A20003E989F /* ChatSenderCell.swift */,
				04E0B96427705A3A003E989F /* ChatRecieveCell.swift */,
			);
			path = View;
			sourceTree = "<group>";
		};
		04AAD037273A3D4A00A900B1 /* ApiManager */ = {
			isa = PBXGroup;
			children = (
				04AAD038273A3D6B00A900B1 /* Apis.swift */,
				04AAD060273A465600A900B1 /* ApisManage.swift */,
			);
			path = ApiManager;
			sourceTree = "<group>";
		};
		04F5DC1B272FD4C7005334B3 /* Personal */ = {
			isa = PBXGroup;
			children = (
				046B5F112729285900A00728 /* ProfileVC.swift */,
				040E12BD2721925B007E1A69 /* PersonalInformation2VC.swift */,
				040E12B827219223007E1A69 /* PersonalInformation1VC.swift */,
				040E12B3272191CE007E1A69 /* GenderVC.swift */,
				FA6F8F0F2718524300AD9946 /* LoginVC.swift */,
				FA6D6EB527184DA3009D6141 /* ForgotPassVC.swift */,
				FA6D6EB32718450D009D6141 /* SignupVc.swift */,
				047D3FF827282A83000005BD /* OTPVC.swift */,
				047D3FFD27282B4C000005BD /* ResetPasswordVC.swift */,
				048AD0102747B00B00A68277 /* FavouriteVC.swift */,
				04B9FB11274F6533006BBA45 /* LocationVC.swift */,
				04B9FB74274FC0D2006BBA45 /* SettingVC.swift */,
				0429589327608C27004572A3 /* ChangePassword.swift */,
			);
			path = Personal;
			sourceTree = "<group>";
		};
		04F5DC1C272FD4DF005334B3 /* Others */ = {
			isa = PBXGroup;
			children = (
				04056B25273E70D60034F733 /* slider.xib */,
				046B5EF52729216A00A00728 /* TabBarVC.swift */,
				046B5F072729283A00A00728 /* FirstTabVC.swift */,
				046B5F0C2729284900A00728 /* SecondTabVC.swift */,
				04DF858E272C291300E4EE0D /* SomeProfileVC.swift */,
				04EAEB3C27311380004D4FFE /* ProUserVC.swift */,
				04056B36273E76F90034F733 /* OverlayChild.swift */,
				04E97C512743959900AC268C /* ChatVC.swift */,
				048ACFF62747837800A68277 /* RequestVC.swift */,
				048AD008274793A600A68277 /* CongratulationVC.swift */,
			);
			path = Others;
			sourceTree = "<group>";
		};
		957BD90DBF9B99E9A26B3D7F /* Frameworks */ = {
			isa = PBXGroup;
			children = (
				BF1C2F6CAB23A9404DF502EA /* Pods_Amigo.framework */,
				49D41AE60E57C7BF3768BAE6 /* Pods_Amigo_AmigoUITests.framework */,
				9A2453BA14D3F73993AAA2E0 /* Pods_AmigoTests.framework */,
			);
			name = Frameworks;
			sourceTree = "<group>";
		};
		A59AE8E28AD5162B4651FE53 /* Pods */ = {
			isa = PBXGroup;
			children = (
				E9889FDA500D547199F4A39C /* Pods-Amigo.debug.xcconfig */,
				421A24A98760105BE2353FE1 /* Pods-Amigo.release.xcconfig */,
				2FAC9C0A814BDF83AEE368EB /* Pods-Amigo-AmigoUITests.debug.xcconfig */,
				65D9E34DCBC7B7E3F202EAE6 /* Pods-Amigo-AmigoUITests.release.xcconfig */,
				1DD55326FB770106F914AAB1 /* Pods-AmigoTests.debug.xcconfig */,
				2794A3248E74F834BE1F66B5 /* Pods-AmigoTests.release.xcconfig */,
			);
			path = Pods;
			sourceTree = "<group>";
		};
/* End PBXGroup section */

/* Begin PBXNativeTarget section */
		040351822718101B007E5833 /* Amigo */ = {
			isa = PBXNativeTarget;
			buildConfigurationList = 040351AD2718101D007E5833 /* Build configuration list for PBXNativeTarget "Amigo" */;
			buildPhases = (
				BBAF75F8042926E4046ECBD7 /* [CP] Check Pods Manifest.lock */,
				0403517F2718101B007E5833 /* Sources */,
				040351802718101B007E5833 /* Frameworks */,
				040351812718101B007E5833 /* Resources */,
				D92CC30878DD51AD00BD6238 /* [CP] Embed Pods Frameworks */,
			);
			buildRules = (
			);
			dependencies = (
			);
			name = Amigo;
			productName = Amigo;
			productReference = 040351832718101B007E5833 /* Amigo.app */;
			productType = "com.apple.product-type.application";
		};
		040351982718101D007E5833 /* AmigoTests */ = {
			isa = PBXNativeTarget;
			buildConfigurationList = 040351B02718101D007E5833 /* Build configuration list for PBXNativeTarget "AmigoTests" */;
			buildPhases = (
				4663338633FEDD152A14BDBC /* [CP] Check Pods Manifest.lock */,
				040351952718101D007E5833 /* Sources */,
				040351962718101D007E5833 /* Frameworks */,
				040351972718101D007E5833 /* Resources */,
			);
			buildRules = (
			);
			dependencies = (
				0403519B2718101D007E5833 /* PBXTargetDependency */,
			);
			name = AmigoTests;
			productName = AmigoTests;
			productReference = 040351992718101D007E5833 /* AmigoTests.xctest */;
			productType = "com.apple.product-type.bundle.unit-test";
		};
		040351A32718101D007E5833 /* AmigoUITests */ = {
			isa = PBXNativeTarget;
			buildConfigurationList = 040351B32718101D007E5833 /* Build configuration list for PBXNativeTarget "AmigoUITests" */;
			buildPhases = (
				FB5BBB542001C428A31FD1B3 /* [CP] Check Pods Manifest.lock */,
				040351A02718101D007E5833 /* Sources */,
				040351A12718101D007E5833 /* Frameworks */,
				040351A22718101D007E5833 /* Resources */,
				3FB2CCB249C7E1F3EEEF377F /* [CP] Embed Pods Frameworks */,
			);
			buildRules = (
			);
			dependencies = (
				040351A62718101D007E5833 /* PBXTargetDependency */,
			);
			name = AmigoUITests;
			productName = AmigoUITests;
			productReference = 040351A42718101D007E5833 /* AmigoUITests.xctest */;
			productType = "com.apple.product-type.bundle.ui-testing";
		};
/* End PBXNativeTarget section */

/* Begin PBXProject section */
		0403517B2718101B007E5833 /* Project object */ = {
			isa = PBXProject;
			attributes = {
				LastSwiftUpdateCheck = 1220;
				LastUpgradeCheck = 1220;
				TargetAttributes = {
					040351822718101B007E5833 = {
						CreatedOnToolsVersion = 12.2;
					};
					040351982718101D007E5833 = {
						CreatedOnToolsVersion = 12.2;
						TestTargetID = 040351822718101B007E5833;
					};
					040351A32718101D007E5833 = {
						CreatedOnToolsVersion = 12.2;
						TestTargetID = 040351822718101B007E5833;
					};
				};
			};
			buildConfigurationList = 0403517E2718101B007E5833 /* Build configuration list for PBXProject "Amigo" */;
			compatibilityVersion = "Xcode 9.3";
			developmentRegion = en;
			hasScannedForEncodings = 0;
			knownRegions = (
				en,
				Base,
			);
			mainGroup = 0403517A2718101B007E5833;
			productRefGroup = 040351842718101B007E5833 /* Products */;
			projectDirPath = "";
			projectRoot = "";
			targets = (
				040351822718101B007E5833 /* Amigo */,
				040351982718101D007E5833 /* AmigoTests */,
				040351A32718101D007E5833 /* AmigoUITests */,
			);
		};
/* End PBXProject section */

/* Begin PBXResourcesBuildPhase section */
		040351812718101B007E5833 /* Resources */ = {
			isa = PBXResourcesBuildPhase;
			buildActionMask = 2147483647;
			files = (
				040351932718101C007E5833 /* LaunchScreen.storyboard in Resources */,
				04056B26273E70D60034F733 /* slider.xib in Resources */,
				048AD00427478AC300A68277 /* Assets.xcassets in Resources */,
				0403518E2718101B007E5833 /* Main.storyboard in Resources */,
			);
			runOnlyForDeploymentPostprocessing = 0;
		};
		040351972718101D007E5833 /* Resources */ = {
			isa = PBXResourcesBuildPhase;
			buildActionMask = 2147483647;
			files = (
			);
			runOnlyForDeploymentPostprocessing = 0;
		};
		040351A22718101D007E5833 /* Resources */ = {
			isa = PBXResourcesBuildPhase;
			buildActionMask = 2147483647;
			files = (
			);
			runOnlyForDeploymentPostprocessing = 0;
		};
/* End PBXResourcesBuildPhase section */

/* Begin PBXShellScriptBuildPhase section */
		3FB2CCB249C7E1F3EEEF377F /* [CP] Embed Pods Frameworks */ = {
			isa = PBXShellScriptBuildPhase;
			buildActionMask = 2147483647;
			files = (
			);
			inputFileListPaths = (
				"${PODS_ROOT}/Target Support Files/Pods-Amigo-AmigoUITests/Pods-Amigo-AmigoUITests-frameworks-${CONFIGURATION}-input-files.xcfilelist",
			);
			name = "[CP] Embed Pods Frameworks";
			outputFileListPaths = (
				"${PODS_ROOT}/Target Support Files/Pods-Amigo-AmigoUITests/Pods-Amigo-AmigoUITests-frameworks-${CONFIGURATION}-output-files.xcfilelist",
			);
			runOnlyForDeploymentPostprocessing = 0;
			shellPath = /bin/sh;
			shellScript = "\"${PODS_ROOT}/Target Support Files/Pods-Amigo-AmigoUITests/Pods-Amigo-AmigoUITests-frameworks.sh\"\n";
			showEnvVarsInLog = 0;
		};
		4663338633FEDD152A14BDBC /* [CP] Check Pods Manifest.lock */ = {
			isa = PBXShellScriptBuildPhase;
			buildActionMask = 2147483647;
			files = (
			);
			inputFileListPaths = (
			);
			inputPaths = (
				"${PODS_PODFILE_DIR_PATH}/Podfile.lock",
				"${PODS_ROOT}/Manifest.lock",
			);
			name = "[CP] Check Pods Manifest.lock";
			outputFileListPaths = (
			);
			outputPaths = (
				"$(DERIVED_FILE_DIR)/Pods-AmigoTests-checkManifestLockResult.txt",
			);
			runOnlyForDeploymentPostprocessing = 0;
			shellPath = /bin/sh;
			shellScript = "diff \"${PODS_PODFILE_DIR_PATH}/Podfile.lock\" \"${PODS_ROOT}/Manifest.lock\" > /dev/null\nif [ $? != 0 ] ; then\n    # print error to STDERR\n    echo \"error: The sandbox is not in sync with the Podfile.lock. Run 'pod install' or update your CocoaPods installation.\" >&2\n    exit 1\nfi\n# This output is used by Xcode 'outputs' to avoid re-running this script phase.\necho \"SUCCESS\" > \"${SCRIPT_OUTPUT_FILE_0}\"\n";
			showEnvVarsInLog = 0;
		};
		BBAF75F8042926E4046ECBD7 /* [CP] Check Pods Manifest.lock */ = {
			isa = PBXShellScriptBuildPhase;
			buildActionMask = 2147483647;
			files = (
			);
			inputFileListPaths = (
			);
			inputPaths = (
				"${PODS_PODFILE_DIR_PATH}/Podfile.lock",
				"${PODS_ROOT}/Manifest.lock",
			);
			name = "[CP] Check Pods Manifest.lock";
			outputFileListPaths = (
			);
			outputPaths = (
				"$(DERIVED_FILE_DIR)/Pods-Amigo-checkManifestLockResult.txt",
			);
			runOnlyForDeploymentPostprocessing = 0;
			shellPath = /bin/sh;
			shellScript = "diff \"${PODS_PODFILE_DIR_PATH}/Podfile.lock\" \"${PODS_ROOT}/Manifest.lock\" > /dev/null\nif [ $? != 0 ] ; then\n    # print error to STDERR\n    echo \"error: The sandbox is not in sync with the Podfile.lock. Run 'pod install' or update your CocoaPods installation.\" >&2\n    exit 1\nfi\n# This output is used by Xcode 'outputs' to avoid re-running this script phase.\necho \"SUCCESS\" > \"${SCRIPT_OUTPUT_FILE_0}\"\n";
			showEnvVarsInLog = 0;
		};
		D92CC30878DD51AD00BD6238 /* [CP] Embed Pods Frameworks */ = {
			isa = PBXShellScriptBuildPhase;
			buildActionMask = 2147483647;
			files = (
			);
			inputFileListPaths = (
				"${PODS_ROOT}/Target Support Files/Pods-Amigo/Pods-Amigo-frameworks-${CONFIGURATION}-input-files.xcfilelist",
			);
			name = "[CP] Embed Pods Frameworks";
			outputFileListPaths = (
				"${PODS_ROOT}/Target Support Files/Pods-Amigo/Pods-Amigo-frameworks-${CONFIGURATION}-output-files.xcfilelist",
			);
			runOnlyForDeploymentPostprocessing = 0;
			shellPath = /bin/sh;
			shellScript = "\"${PODS_ROOT}/Target Support Files/Pods-Amigo/Pods-Amigo-frameworks.sh\"\n";
			showEnvVarsInLog = 0;
		};
		FB5BBB542001C428A31FD1B3 /* [CP] Check Pods Manifest.lock */ = {
			isa = PBXShellScriptBuildPhase;
			buildActionMask = 2147483647;
			files = (
			);
			inputFileListPaths = (
			);
			inputPaths = (
				"${PODS_PODFILE_DIR_PATH}/Podfile.lock",
				"${PODS_ROOT}/Manifest.lock",
			);
			name = "[CP] Check Pods Manifest.lock";
			outputFileListPaths = (
			);
			outputPaths = (
				"$(DERIVED_FILE_DIR)/Pods-Amigo-AmigoUITests-checkManifestLockResult.txt",
			);
			runOnlyForDeploymentPostprocessing = 0;
			shellPath = /bin/sh;
			shellScript = "diff \"${PODS_PODFILE_DIR_PATH}/Podfile.lock\" \"${PODS_ROOT}/Manifest.lock\" > /dev/null\nif [ $? != 0 ] ; then\n    # print error to STDERR\n    echo \"error: The sandbox is not in sync with the Podfile.lock. Run 'pod install' or update your CocoaPods installation.\" >&2\n    exit 1\nfi\n# This output is used by Xcode 'outputs' to avoid re-running this script phase.\necho \"SUCCESS\" > \"${SCRIPT_OUTPUT_FILE_0}\"\n";
			showEnvVarsInLog = 0;
		};
/* End PBXShellScriptBuildPhase section */

/* Begin PBXSourcesBuildPhase section */
		0403517F2718101B007E5833 /* Sources */ = {
			isa = PBXSourcesBuildPhase;
			buildActionMask = 2147483647;
			files = (
				04E97C522743959900AC268C /* ChatVC.swift in Sources */,
				047D3FF927282A83000005BD /* OTPVC.swift in Sources */,
				FA6D6EB42718450D009D6141 /* SignupVc.swift in Sources */,
				04056B37273E76F90034F733 /* OverlayChild.swift in Sources */,
				04AAD039273A3D6B00A900B1 /* Apis.swift in Sources */,
				04B9FB12274F6533006BBA45 /* LocationVC.swift in Sources */,
				04E0B96527705A3A003E989F /* ChatRecieveCell.swift in Sources */,
				040351872718101B007E5833 /* AppDelegate.swift in Sources */,
				047E46C8275E2D4C00A08F48 /* BaseClass.swift in Sources */,
				04E0B96027705A20003E989F /* ChatSenderCell.swift in Sources */,
				FA6D6EB627184DA3009D6141 /* ForgotPassVC.swift in Sources */,
				046B5F122729285900A00728 /* ProfileVC.swift in Sources */,
				04EAEB3D27311380004D4FFE /* ProUserVC.swift in Sources */,
				FA395C07273A4D84007DDB6C /* ReachabilityNetwork.swift in Sources */,
				048AD0112747B00B00A68277 /* FavouriteVC.swift in Sources */,
				047D3FFE27282B4C000005BD /* ResetPasswordVC.swift in Sources */,
				040E12B927219223007E1A69 /* PersonalInformation1VC.swift in Sources */,
				040E12BE2721925C007E1A69 /* PersonalInformation2VC.swift in Sources */,
				046B5F0D2729284900A00728 /* SecondTabVC.swift in Sources */,
				040E12AF2721915B007E1A69 /* OrientationVC.swift in Sources */,
				040351892718101B007E5833 /* SceneDelegate.swift in Sources */,
				046B5F082729283A00A00728 /* FirstTabVC.swift in Sources */,
				048AD009274793A600A68277 /* CongratulationVC.swift in Sources */,
				04AAD061273A465600A900B1 /* ApisManage.swift in Sources */,
				04857FEB2755F6C60097C5BA /* AddRequestModel.swift in Sources */,
				04526BF72750F84300D1F59C /* FavouriteModel.swift in Sources */,
				FA6F8F102718524300AD9946 /* LoginVC.swift in Sources */,
				046B5EF62729216A00A00728 /* TabBarVC.swift in Sources */,
				048E4E472738EF3D00F18A09 /* UserModel.swift in Sources */,
				0429589427608C27004572A3 /* ChangePassword.swift in Sources */,
				040E12B4272191CE007E1A69 /* GenderVC.swift in Sources */,
				048ACFF72747837800A68277 /* RequestVC.swift in Sources */,
				048ACFFC274783C700A68277 /* RequestTableCell.swift in Sources */,
				048AD01C2747B14200A68277 /* FavouriteTableCell.swift in Sources */,
				04B9FB75274FC0D2006BBA45 /* SettingVC.swift in Sources */,
				04DF858F272C291400E4EE0D /* SomeProfileVC.swift in Sources */,
				046B5F032729253100A00728 /* InformationCell.swift in Sources */,
			);
			runOnlyForDeploymentPostprocessing = 0;
		};
		040351952718101D007E5833 /* Sources */ = {
			isa = PBXSourcesBuildPhase;
			buildActionMask = 2147483647;
			files = (
				0403519E2718101D007E5833 /* AmigoTests.swift in Sources */,
			);
			runOnlyForDeploymentPostprocessing = 0;
		};
		040351A02718101D007E5833 /* Sources */ = {
			isa = PBXSourcesBuildPhase;
			buildActionMask = 2147483647;
			files = (
				040351A92718101D007E5833 /* AmigoUITests.swift in Sources */,
			);
			runOnlyForDeploymentPostprocessing = 0;
		};
/* End PBXSourcesBuildPhase section */

/* Begin PBXTargetDependency section */
		0403519B2718101D007E5833 /* PBXTargetDependency */ = {
			isa = PBXTargetDependency;
			target = 040351822718101B007E5833 /* Amigo */;
			targetProxy = 0403519A2718101D007E5833 /* PBXContainerItemProxy */;
		};
		040351A62718101D007E5833 /* PBXTargetDependency */ = {
			isa = PBXTargetDependency;
			target = 040351822718101B007E5833 /* Amigo */;
			targetProxy = 040351A52718101D007E5833 /* PBXContainerItemProxy */;
		};
/* End PBXTargetDependency section */

/* Begin PBXVariantGroup section */
		0403518C2718101B007E5833 /* Main.storyboard */ = {
			isa = PBXVariantGroup;
			children = (
				0403518D2718101B007E5833 /* Base */,
			);
			name = Main.storyboard;
			sourceTree = "<group>";
		};
		040351912718101C007E5833 /* LaunchScreen.storyboard */ = {
			isa = PBXVariantGroup;
			children = (
				040351922718101C007E5833 /* Base */,
			);
			name = LaunchScreen.storyboard;
			sourceTree = "<group>";
		};
/* End PBXVariantGroup section */

/* Begin XCBuildConfiguration section */
		040351AB2718101D007E5833 /* Debug */ = {
			isa = XCBuildConfiguration;
			buildSettings = {
				ALWAYS_SEARCH_USER_PATHS = NO;
				CLANG_ANALYZER_NONNULL = YES;
				CLANG_ANALYZER_NUMBER_OBJECT_CONVERSION = YES_AGGRESSIVE;
				CLANG_CXX_LANGUAGE_STANDARD = "gnu++14";
				CLANG_CXX_LIBRARY = "libc++";
				CLANG_ENABLE_MODULES = YES;
				CLANG_ENABLE_OBJC_ARC = YES;
				CLANG_ENABLE_OBJC_WEAK = YES;
				CLANG_WARN_BLOCK_CAPTURE_AUTORELEASING = YES;
				CLANG_WARN_BOOL_CONVERSION = YES;
				CLANG_WARN_COMMA = YES;
				CLANG_WARN_CONSTANT_CONVERSION = YES;
				CLANG_WARN_DEPRECATED_OBJC_IMPLEMENTATIONS = YES;
				CLANG_WARN_DIRECT_OBJC_ISA_USAGE = YES_ERROR;
				CLANG_WARN_DOCUMENTATION_COMMENTS = YES;
				CLANG_WARN_EMPTY_BODY = YES;
				CLANG_WARN_ENUM_CONVERSION = YES;
				CLANG_WARN_INFINITE_RECURSION = YES;
				CLANG_WARN_INT_CONVERSION = YES;
				CLANG_WARN_NON_LITERAL_NULL_CONVERSION = YES;
				CLANG_WARN_OBJC_IMPLICIT_RETAIN_SELF = YES;
				CLANG_WARN_OBJC_LITERAL_CONVERSION = YES;
				CLANG_WARN_OBJC_ROOT_CLASS = YES_ERROR;
				CLANG_WARN_QUOTED_INCLUDE_IN_FRAMEWORK_HEADER = YES;
				CLANG_WARN_RANGE_LOOP_ANALYSIS = YES;
				CLANG_WARN_STRICT_PROTOTYPES = YES;
				CLANG_WARN_SUSPICIOUS_MOVE = YES;
				CLANG_WARN_UNGUARDED_AVAILABILITY = YES_AGGRESSIVE;
				CLANG_WARN_UNREACHABLE_CODE = YES;
				CLANG_WARN__DUPLICATE_METHOD_MATCH = YES;
				COPY_PHASE_STRIP = NO;
				DEBUG_INFORMATION_FORMAT = dwarf;
				ENABLE_STRICT_OBJC_MSGSEND = YES;
				ENABLE_TESTABILITY = YES;
				GCC_C_LANGUAGE_STANDARD = gnu11;
				GCC_DYNAMIC_NO_PIC = NO;
				GCC_NO_COMMON_BLOCKS = YES;
				GCC_OPTIMIZATION_LEVEL = 0;
				GCC_PREPROCESSOR_DEFINITIONS = (
					"DEBUG=1",
					"$(inherited)",
				);
				GCC_WARN_64_TO_32_BIT_CONVERSION = YES;
				GCC_WARN_ABOUT_RETURN_TYPE = YES_ERROR;
				GCC_WARN_UNDECLARED_SELECTOR = YES;
				GCC_WARN_UNINITIALIZED_AUTOS = YES_AGGRESSIVE;
				GCC_WARN_UNUSED_FUNCTION = YES;
				GCC_WARN_UNUSED_VARIABLE = YES;
				IPHONEOS_DEPLOYMENT_TARGET = 14.2;
				MTL_ENABLE_DEBUG_INFO = INCLUDE_SOURCE;
				MTL_FAST_MATH = YES;
				ONLY_ACTIVE_ARCH = YES;
				SDKROOT = iphoneos;
				SWIFT_ACTIVE_COMPILATION_CONDITIONS = DEBUG;
				SWIFT_OPTIMIZATION_LEVEL = "-Onone";
			};
			name = Debug;
		};
		040351AC2718101D007E5833 /* Release */ = {
			isa = XCBuildConfiguration;
			buildSettings = {
				ALWAYS_SEARCH_USER_PATHS = NO;
				CLANG_ANALYZER_NONNULL = YES;
				CLANG_ANALYZER_NUMBER_OBJECT_CONVERSION = YES_AGGRESSIVE;
				CLANG_CXX_LANGUAGE_STANDARD = "gnu++14";
				CLANG_CXX_LIBRARY = "libc++";
				CLANG_ENABLE_MODULES = YES;
				CLANG_ENABLE_OBJC_ARC = YES;
				CLANG_ENABLE_OBJC_WEAK = YES;
				CLANG_WARN_BLOCK_CAPTURE_AUTORELEASING = YES;
				CLANG_WARN_BOOL_CONVERSION = YES;
				CLANG_WARN_COMMA = YES;
				CLANG_WARN_CONSTANT_CONVERSION = YES;
				CLANG_WARN_DEPRECATED_OBJC_IMPLEMENTATIONS = YES;
				CLANG_WARN_DIRECT_OBJC_ISA_USAGE = YES_ERROR;
				CLANG_WARN_DOCUMENTATION_COMMENTS = YES;
				CLANG_WARN_EMPTY_BODY = YES;
				CLANG_WARN_ENUM_CONVERSION = YES;
				CLANG_WARN_INFINITE_RECURSION = YES;
				CLANG_WARN_INT_CONVERSION = YES;
				CLANG_WARN_NON_LITERAL_NULL_CONVERSION = YES;
				CLANG_WARN_OBJC_IMPLICIT_RETAIN_SELF = YES;
				CLANG_WARN_OBJC_LITERAL_CONVERSION = YES;
				CLANG_WARN_OBJC_ROOT_CLASS = YES_ERROR;
				CLANG_WARN_QUOTED_INCLUDE_IN_FRAMEWORK_HEADER = YES;
				CLANG_WARN_RANGE_LOOP_ANALYSIS = YES;
				CLANG_WARN_STRICT_PROTOTYPES = YES;
				CLANG_WARN_SUSPICIOUS_MOVE = YES;
				CLANG_WARN_UNGUARDED_AVAILABILITY = YES_AGGRESSIVE;
				CLANG_WARN_UNREACHABLE_CODE = YES;
				CLANG_WARN__DUPLICATE_METHOD_MATCH = YES;
				COPY_PHASE_STRIP = NO;
				DEBUG_INFORMATION_FORMAT = "dwarf-with-dsym";
				ENABLE_NS_ASSERTIONS = NO;
				ENABLE_STRICT_OBJC_MSGSEND = YES;
				GCC_C_LANGUAGE_STANDARD = gnu11;
				GCC_NO_COMMON_BLOCKS = YES;
				GCC_WARN_64_TO_32_BIT_CONVERSION = YES;
				GCC_WARN_ABOUT_RETURN_TYPE = YES_ERROR;
				GCC_WARN_UNDECLARED_SELECTOR = YES;
				GCC_WARN_UNINITIALIZED_AUTOS = YES_AGGRESSIVE;
				GCC_WARN_UNUSED_FUNCTION = YES;
				GCC_WARN_UNUSED_VARIABLE = YES;
				IPHONEOS_DEPLOYMENT_TARGET = 14.2;
				MTL_ENABLE_DEBUG_INFO = NO;
				MTL_FAST_MATH = YES;
				SDKROOT = iphoneos;
				SWIFT_COMPILATION_MODE = wholemodule;
				SWIFT_OPTIMIZATION_LEVEL = "-O";
				VALIDATE_PRODUCT = YES;
			};
			name = Release;
		};
		040351AE2718101D007E5833 /* Debug */ = {
			isa = XCBuildConfiguration;
			baseConfigurationReference = E9889FDA500D547199F4A39C /* Pods-Amigo.debug.xcconfig */;
			buildSettings = {
				ASSETCATALOG_COMPILER_APPICON_NAME = AppIcon;
				ASSETCATALOG_COMPILER_GLOBAL_ACCENT_COLOR_NAME = AccentColor;
				CODE_SIGN_STYLE = Automatic;
				DEVELOPMENT_TEAM = 8XR9GPSS6Y;
				INFOPLIST_FILE = Amigo/Info.plist;
				IPHONEOS_DEPLOYMENT_TARGET = 14.2;
				LD_RUNPATH_SEARCH_PATHS = (
					"$(inherited)",
					"@executable_path/Frameworks",
				);
				PRODUCT_BUNDLE_IDENTIFIER = mspl.Spotlyte;
				PRODUCT_NAME = "$(TARGET_NAME)";
				SWIFT_VERSION = 5.0;
				TARGETED_DEVICE_FAMILY = 1;
			};
			name = Debug;
		};
		040351AF2718101D007E5833 /* Release */ = {
			isa = XCBuildConfiguration;
			baseConfigurationReference = 421A24A98760105BE2353FE1 /* Pods-Amigo.release.xcconfig */;
			buildSettings = {
				ASSETCATALOG_COMPILER_APPICON_NAME = AppIcon;
				ASSETCATALOG_COMPILER_GLOBAL_ACCENT_COLOR_NAME = AccentColor;
				CODE_SIGN_STYLE = Automatic;
				DEVELOPMENT_TEAM = 8XR9GPSS6Y;
				INFOPLIST_FILE = Amigo/Info.plist;
				IPHONEOS_DEPLOYMENT_TARGET = 14.2;
				LD_RUNPATH_SEARCH_PATHS = (
					"$(inherited)",
					"@executable_path/Frameworks",
				);
				PRODUCT_BUNDLE_IDENTIFIER = mspl.Spotlyte;
				PRODUCT_NAME = "$(TARGET_NAME)";
				SWIFT_VERSION = 5.0;
				TARGETED_DEVICE_FAMILY = 1;
			};
			name = Release;
		};
		040351B12718101D007E5833 /* Debug */ = {
			isa = XCBuildConfiguration;
			baseConfigurationReference = 1DD55326FB770106F914AAB1 /* Pods-AmigoTests.debug.xcconfig */;
			buildSettings = {
				ALWAYS_EMBED_SWIFT_STANDARD_LIBRARIES = YES;
				BUNDLE_LOADER = "$(TEST_HOST)";
				CODE_SIGN_STYLE = Automatic;
				DEVELOPMENT_TEAM = 8XR9GPSS6Y;
				INFOPLIST_FILE = AmigoTests/Info.plist;
				IPHONEOS_DEPLOYMENT_TARGET = 14.2;
				LD_RUNPATH_SEARCH_PATHS = (
					"$(inherited)",
					"@executable_path/Frameworks",
					"@loader_path/Frameworks",
				);
				PRODUCT_BUNDLE_IDENTIFIER = mspl.AmigoTests;
				PRODUCT_NAME = "$(TARGET_NAME)";
				SWIFT_VERSION = 5.0;
				TARGETED_DEVICE_FAMILY = "1,2";
				TEST_HOST = "$(BUILT_PRODUCTS_DIR)/Amigo.app/Amigo";
			};
			name = Debug;
		};
		040351B22718101D007E5833 /* Release */ = {
			isa = XCBuildConfiguration;
			baseConfigurationReference = 2794A3248E74F834BE1F66B5 /* Pods-AmigoTests.release.xcconfig */;
			buildSettings = {
				ALWAYS_EMBED_SWIFT_STANDARD_LIBRARIES = YES;
				BUNDLE_LOADER = "$(TEST_HOST)";
				CODE_SIGN_STYLE = Automatic;
				DEVELOPMENT_TEAM = 8XR9GPSS6Y;
				INFOPLIST_FILE = AmigoTests/Info.plist;
				IPHONEOS_DEPLOYMENT_TARGET = 14.2;
				LD_RUNPATH_SEARCH_PATHS = (
					"$(inherited)",
					"@executable_path/Frameworks",
					"@loader_path/Frameworks",
				);
				PRODUCT_BUNDLE_IDENTIFIER = mspl.AmigoTests;
				PRODUCT_NAME = "$(TARGET_NAME)";
				SWIFT_VERSION = 5.0;
				TARGETED_DEVICE_FAMILY = "1,2";
				TEST_HOST = "$(BUILT_PRODUCTS_DIR)/Amigo.app/Amigo";
			};
			name = Release;
		};
		040351B42718101D007E5833 /* Debug */ = {
			isa = XCBuildConfiguration;
			baseConfigurationReference = 2FAC9C0A814BDF83AEE368EB /* Pods-Amigo-AmigoUITests.debug.xcconfig */;
			buildSettings = {
				ALWAYS_EMBED_SWIFT_STANDARD_LIBRARIES = YES;
				CODE_SIGN_STYLE = Automatic;
				DEVELOPMENT_TEAM = 8XR9GPSS6Y;
				INFOPLIST_FILE = AmigoUITests/Info.plist;
				LD_RUNPATH_SEARCH_PATHS = (
					"$(inherited)",
					"@executable_path/Frameworks",
					"@loader_path/Frameworks",
				);
				PRODUCT_BUNDLE_IDENTIFIER = mspl.AmigoUITests;
				PRODUCT_NAME = "$(TARGET_NAME)";
				SWIFT_VERSION = 5.0;
				TARGETED_DEVICE_FAMILY = "1,2";
				TEST_TARGET_NAME = Amigo;
			};
			name = Debug;
		};
		040351B52718101D007E5833 /* Release */ = {
			isa = XCBuildConfiguration;
			baseConfigurationReference = 65D9E34DCBC7B7E3F202EAE6 /* Pods-Amigo-AmigoUITests.release.xcconfig */;
			buildSettings = {
				ALWAYS_EMBED_SWIFT_STANDARD_LIBRARIES = YES;
				CODE_SIGN_STYLE = Automatic;
				DEVELOPMENT_TEAM = 8XR9GPSS6Y;
				INFOPLIST_FILE = AmigoUITests/Info.plist;
				LD_RUNPATH_SEARCH_PATHS = (
					"$(inherited)",
					"@executable_path/Frameworks",
					"@loader_path/Frameworks",
				);
				PRODUCT_BUNDLE_IDENTIFIER = mspl.AmigoUITests;
				PRODUCT_NAME = "$(TARGET_NAME)";
				SWIFT_VERSION = 5.0;
				TARGETED_DEVICE_FAMILY = "1,2";
				TEST_TARGET_NAME = Amigo;
			};
			name = Release;
		};
/* End XCBuildConfiguration section */

/* Begin XCConfigurationList section */
		0403517E2718101B007E5833 /* Build configuration list for PBXProject "Amigo" */ = {
			isa = XCConfigurationList;
			buildConfigurations = (
				040351AB2718101D007E5833 /* Debug */,
				040351AC2718101D007E5833 /* Release */,
			);
			defaultConfigurationIsVisible = 0;
			defaultConfigurationName = Release;
		};
		040351AD2718101D007E5833 /* Build configuration list for PBXNativeTarget "Amigo" */ = {
			isa = XCConfigurationList;
			buildConfigurations = (
				040351AE2718101D007E5833 /* Debug */,
				040351AF2718101D007E5833 /* Release */,
			);
			defaultConfigurationIsVisible = 0;
			defaultConfigurationName = Release;
		};
		040351B02718101D007E5833 /* Build configuration list for PBXNativeTarget "AmigoTests" */ = {
			isa = XCConfigurationList;
			buildConfigurations = (
				040351B12718101D007E5833 /* Debug */,
				040351B22718101D007E5833 /* Release */,
			);
			defaultConfigurationIsVisible = 0;
			defaultConfigurationName = Release;
		};
		040351B32718101D007E5833 /* Build configuration list for PBXNativeTarget "AmigoUITests" */ = {
			isa = XCConfigurationList;
			buildConfigurations = (
				040351B42718101D007E5833 /* Debug */,
				040351B52718101D007E5833 /* Release */,
			);
			defaultConfigurationIsVisible = 0;
			defaultConfigurationName = Release;
		};
/* End XCConfigurationList section */
	};
	rootObject = 0403517B2718101B007E5833 /* Project object */;
}
